
Microsoft Visual Studio Solution File, Format Version 12.00
# Visual Studio Version 17
VisualStudioVersion = 17.0.31717.71
MinimumVisualStudioVersion = 10.0.40219.1
Project("{FAE04EC0-301F-11D3-BF4B-00C04F79EFBC}") = "Chips", "src\Chips.csproj", "{71AA57E4-C98B-487D-AEDB-774C26F3FE4E}"
EndProject
Global
	GlobalSection(SolutionConfigurationPlatforms) = preSolution
		Debug|Any CPU = Debug|Any CPU
		Release|Any CPU = Release|Any CPU
	EndGlobalSection
	GlobalSection(ProjectConfigurationPlatforms) = postSolution
		{71AA57E4-C98B-487D-AEDB-774C26F3FE4E}.Debug|Any CPU.ActiveCfg = Debug|Any CPU
		{71AA57E4-C98B-487D-AEDB-774C26F3FE4E}.Debug|Any CPU.Build.0 = Debug|Any CPU
		{71AA57E4-C98B-487D-AEDB-774C26F3FE4E}.Release|Any CPU.ActiveCfg = Release|Any CPU
		{71AA57E4-C98B-487D-AEDB-774C26F3FE4E}.Release|Any CPU.Build.0 = Release|Any CPU
	EndGlobalSection
	GlobalSection(SolutionProperties) = preSolution
		HideSolutionNode = FALSE
	EndGlobalSection
	GlobalSection(ExtensibilityGlobals) = postSolution
		SolutionGuid = {E9B5BDD9-2732-41BC-9C3F-74014927FA7D}
	EndGlobalSection
EndGlobal
